
Microsoft Visual Studio Solution File, Format Version 12.00
# Visual Studio Version 17
VisualStudioVersion = 17.14.36203.30 d17.14
MinimumVisualStudioVersion = 10.0.40219.1
Project("{FAE04EC0-301F-11D3-BF4B-00C04F79EFBC}") = "CreadorDeReportes", "CreadorDeReportes.csproj", "{65FFE4DA-C6FB-CF4B-D4E8-015F85C51CB8}"
EndProject
Global
	GlobalSection(SolutionConfigurationPlatforms) = preSolution
		Debug|Any CPU = Debug|Any CPU
		Release|Any CPU = Release|Any CPU
	EndGlobalSection
	GlobalSection(ProjectConfigurationPlatforms) = postSolution
		{65FFE4DA-C6FB-CF4B-D4E8-015F85C51CB8}.Debug|Any CPU.ActiveCfg = Debug|Any CPU
		{65FFE4DA-C6FB-CF4B-D4E8-015F85C51CB8}.Debug|Any CPU.Build.0 = Debug|Any CPU
		{65FFE4DA-C6FB-CF4B-D4E8-015F85C51CB8}.Release|Any CPU.ActiveCfg = Release|Any CPU
		{65FFE4DA-C6FB-CF4B-D4E8-015F85C51CB8}.Release|Any CPU.Build.0 = Release|Any CPU
	EndGlobalSection
	GlobalSection(SolutionProperties) = preSolution
		HideSolutionNode = FALSE
	EndGlobalSection
	GlobalSection(ExtensibilityGlobals) = postSolution
		SolutionGuid = {E2668454-DF94-4D5F-A03D-9E02B2903549}
	EndGlobalSection
EndGlobal
