
Microsoft Visual Studio Solution File, Format Version 12.00
# Visual Studio Version 17
VisualStudioVersion = 17.14.36203.30 d17.14
MinimumVisualStudioVersion = 10.0.40219.1
Project("{FAE04EC0-301F-11D3-BF4B-00C04F79EFBC}") = "NotificacionesClientes", "NotificacionesClientes.csproj", "{516C0ED2-242B-FD4E-BC2C-5091D7D1579D}"
EndProject
Global
	GlobalSection(SolutionConfigurationPlatforms) = preSolution
		Debug|Any CPU = Debug|Any CPU
		Release|Any CPU = Release|Any CPU
	EndGlobalSection
	GlobalSection(ProjectConfigurationPlatforms) = postSolution
		{516C0ED2-242B-FD4E-BC2C-5091D7D1579D}.Debug|Any CPU.ActiveCfg = Debug|Any CPU
		{516C0ED2-242B-FD4E-BC2C-5091D7D1579D}.Debug|Any CPU.Build.0 = Debug|Any CPU
		{516C0ED2-242B-FD4E-BC2C-5091D7D1579D}.Release|Any CPU.ActiveCfg = Release|Any CPU
		{516C0ED2-242B-FD4E-BC2C-5091D7D1579D}.Release|Any CPU.Build.0 = Release|Any CPU
	EndGlobalSection
	GlobalSection(SolutionProperties) = preSolution
		HideSolutionNode = FALSE
	EndGlobalSection
	GlobalSection(ExtensibilityGlobals) = postSolution
		SolutionGuid = {6C3137C0-8EBE-41A2-BB9B-6A5FDC1280A1}
	EndGlobalSection
EndGlobal
